// !$*UTF8*$!
{
	archiveVersion = 1;
	classes = {
	};
	objectVersion = 55;
	objects = {

/* Begin PBXBuildFile section */
		0497CCA2289DE5E700DA7E2F /* MahjongLeagueApp.swift in Sources */ = {isa = PBXBuildFile; fileRef = 0497CCA1289DE5E700DA7E2F /* MahjongLeagueApp.swift */; };
		0497CCA4289DE5E700DA7E2F /* ContentView.swift in Sources */ = {isa = PBXBuildFile; fileRef = 0497CCA3289DE5E700DA7E2F /* ContentView.swift */; };
		0497CCA6289DE5E800DA7E2F /* Assets.xcassets in Resources */ = {isa = PBXBuildFile; fileRef = 0497CCA5289DE5E800DA7E2F /* Assets.xcassets */; };
		0497CCA9289DE5E800DA7E2F /* Preview Assets.xcassets in Resources */ = {isa = PBXBuildFile; fileRef = 0497CCA8289DE5E800DA7E2F /* Preview Assets.xcassets */; };
		0497CCAB289DE5E800DA7E2F /* Persistence.swift in Sources */ = {isa = PBXBuildFile; fileRef = 0497CCAA289DE5E800DA7E2F /* Persistence.swift */; };
		0497CCAE289DE5E800DA7E2F /* MahjongLeague.xcdatamodeld in Sources */ = {isa = PBXBuildFile; fileRef = 0497CCAC289DE5E800DA7E2F /* MahjongLeague.xcdatamodeld */; };
		0497CCBE289DE82500DA7E2F /* Game.swift in Sources */ = {isa = PBXBuildFile; fileRef = 0497CCBD289DE82500DA7E2F /* Game.swift */; };
		0497CCC2289DE87A00DA7E2F /* Player.swift in Sources */ = {isa = PBXBuildFile; fileRef = 0497CCC1289DE87A00DA7E2F /* Player.swift */; };
		0497CCC4289F4DED00DA7E2F /* GoogleService-Info.plist in Resources */ = {isa = PBXBuildFile; fileRef = 0497CCC3289F4DED00DA7E2F /* GoogleService-Info.plist */; };
		0497CCC7289F4E5200DA7E2F /* FirebaseAuth in Frameworks */ = {isa = PBXBuildFile; productRef = 0497CCC6289F4E5200DA7E2F /* FirebaseAuth */; };
		0497CCC9289F4E5200DA7E2F /* FirebaseFirestoreSwift in Frameworks */ = {isa = PBXBuildFile; productRef = 0497CCC8289F4E5200DA7E2F /* FirebaseFirestoreSwift */; };
		0497CCCB289F55FB00DA7E2F /* GameRepository.swift in Sources */ = {isa = PBXBuildFile; fileRef = 0497CCCA289F55FB00DA7E2F /* GameRepository.swift */; };
		0497CCCD289F565000DA7E2F /* League.swift in Sources */ = {isa = PBXBuildFile; fileRef = 0497CCCC289F565000DA7E2F /* League.swift */; };
		0497CCCF289F571700DA7E2F /* Score.swift in Sources */ = {isa = PBXBuildFile; fileRef = 0497CCCE289F571700DA7E2F /* Score.swift */; };
		0497CCD1289F586100DA7E2F /* GamePlayer.swift in Sources */ = {isa = PBXBuildFile; fileRef = 0497CCD0289F586100DA7E2F /* GamePlayer.swift */; };
/* End PBXBuildFile section */

/* Begin PBXFileReference section */
		0497CC9E289DE5E700DA7E2F /* MahjongLeague.app */ = {isa = PBXFileReference; explicitFileType = wrapper.application; includeInIndex = 0; path = MahjongLeague.app; sourceTree = BUILT_PRODUCTS_DIR; };
		0497CCA1289DE5E700DA7E2F /* MahjongLeagueApp.swift */ = {isa = PBXFileReference; lastKnownFileType = sourcecode.swift; path = MahjongLeagueApp.swift; sourceTree = "<group>"; };
		0497CCA3289DE5E700DA7E2F /* ContentView.swift */ = {isa = PBXFileReference; lastKnownFileType = sourcecode.swift; path = ContentView.swift; sourceTree = "<group>"; };
		0497CCA5289DE5E800DA7E2F /* Assets.xcassets */ = {isa = PBXFileReference; lastKnownFileType = folder.assetcatalog; path = Assets.xcassets; sourceTree = "<group>"; };
		0497CCA8289DE5E800DA7E2F /* Preview Assets.xcassets */ = {isa = PBXFileReference; lastKnownFileType = folder.assetcatalog; path = "Preview Assets.xcassets"; sourceTree = "<group>"; };
		0497CCAA289DE5E800DA7E2F /* Persistence.swift */ = {isa = PBXFileReference; lastKnownFileType = sourcecode.swift; path = Persistence.swift; sourceTree = "<group>"; };
		0497CCAD289DE5E800DA7E2F /* MahjongLeague.xcdatamodel */ = {isa = PBXFileReference; lastKnownFileType = wrapper.xcdatamodel; path = MahjongLeague.xcdatamodel; sourceTree = "<group>"; };
		0497CCBD289DE82500DA7E2F /* Game.swift */ = {isa = PBXFileReference; lastKnownFileType = sourcecode.swift; path = Game.swift; sourceTree = "<group>"; };
		0497CCC1289DE87A00DA7E2F /* Player.swift */ = {isa = PBXFileReference; lastKnownFileType = sourcecode.swift; path = Player.swift; sourceTree = "<group>"; };
		0497CCC3289F4DED00DA7E2F /* GoogleService-Info.plist */ = {isa = PBXFileReference; fileEncoding = 4; lastKnownFileType = text.plist.xml; path = "GoogleService-Info.plist"; sourceTree = "<group>"; };
		0497CCCA289F55FB00DA7E2F /* GameRepository.swift */ = {isa = PBXFileReference; lastKnownFileType = sourcecode.swift; path = GameRepository.swift; sourceTree = "<group>"; };
		0497CCCC289F565000DA7E2F /* League.swift */ = {isa = PBXFileReference; lastKnownFileType = sourcecode.swift; path = League.swift; sourceTree = "<group>"; };
		0497CCCE289F571700DA7E2F /* Score.swift */ = {isa = PBXFileReference; lastKnownFileType = sourcecode.swift; path = Score.swift; sourceTree = "<group>"; };
		0497CCD0289F586100DA7E2F /* GamePlayer.swift */ = {isa = PBXFileReference; lastKnownFileType = sourcecode.swift; path = GamePlayer.swift; sourceTree = "<group>"; };
/* End PBXFileReference section */

/* Begin PBXFrameworksBuildPhase section */
		0497CC9B289DE5E700DA7E2F /* Frameworks */ = {
			isa = PBXFrameworksBuildPhase;
			buildActionMask = 2147483647;
			files = (
				0497CCC7289F4E5200DA7E2F /* FirebaseAuth in Frameworks */,
				0497CCC9289F4E5200DA7E2F /* FirebaseFirestoreSwift in Frameworks */,
			);
			runOnlyForDeploymentPostprocessing = 0;
		};
/* End PBXFrameworksBuildPhase section */

/* Begin PBXGroup section */
		0497CC95289DE5E700DA7E2F = {
			isa = PBXGroup;
			children = (
				0497CCA0289DE5E700DA7E2F /* MahjongLeague */,
				0497CC9F289DE5E700DA7E2F /* Products */,
			);
			sourceTree = "<group>";
		};
		0497CC9F289DE5E700DA7E2F /* Products */ = {
			isa = PBXGroup;
			children = (
				0497CC9E289DE5E700DA7E2F /* MahjongLeague.app */,
			);
			name = Products;
			sourceTree = "<group>";
		};
		0497CCA0289DE5E700DA7E2F /* MahjongLeague */ = {
			isa = PBXGroup;
			children = (
				0497CCB6289DE78D00DA7E2F /* Entities */,
				0497CCB8289DE79A00DA7E2F /* Repositories */,
				0497CCB5289DE78800DA7E2F /* VIewModels */,
				0497CCB4289DE78000DA7E2F /* Views */,
				0497CCA1289DE5E700DA7E2F /* MahjongLeagueApp.swift */,
				0497CCA5289DE5E800DA7E2F /* Assets.xcassets */,
				0497CCAA289DE5E800DA7E2F /* Persistence.swift */,
				0497CCAC289DE5E800DA7E2F /* MahjongLeague.xcdatamodeld */,
				0497CCC3289F4DED00DA7E2F /* GoogleService-Info.plist */,
				0497CCA7289DE5E800DA7E2F /* Preview Content */,
			);
			path = MahjongLeague;
			sourceTree = "<group>";
		};
		0497CCA7289DE5E800DA7E2F /* Preview Content */ = {
			isa = PBXGroup;
			children = (
				0497CCA8289DE5E800DA7E2F /* Preview Assets.xcassets */,
			);
			path = "Preview Content";
			sourceTree = "<group>";
		};
		0497CCB4289DE78000DA7E2F /* Views */ = {
			isa = PBXGroup;
			children = (
				0497CCA3289DE5E700DA7E2F /* ContentView.swift */,
			);
			path = Views;
			sourceTree = "<group>";
		};
		0497CCB5289DE78800DA7E2F /* VIewModels */ = {
			isa = PBXGroup;
			children = (
			);
			path = VIewModels;
			sourceTree = "<group>";
		};
		0497CCB6289DE78D00DA7E2F /* Entities */ = {
			isa = PBXGroup;
			children = (
				0497CCCC289F565000DA7E2F /* League.swift */,
				0497CCC1289DE87A00DA7E2F /* Player.swift */,
				0497CCBD289DE82500DA7E2F /* Game.swift */,
				0497CCCE289F571700DA7E2F /* Score.swift */,
				0497CCD0289F586100DA7E2F /* GamePlayer.swift */,
			);
			path = Entities;
			sourceTree = "<group>";
		};
		0497CCB8289DE79A00DA7E2F /* Repositories */ = {
			isa = PBXGroup;
			children = (
				0497CCCA289F55FB00DA7E2F /* GameRepository.swift */,
			);
			path = Repositories;
			sourceTree = "<group>";
		};
/* End PBXGroup section */

/* Begin PBXNativeTarget section */
		0497CC9D289DE5E700DA7E2F /* MahjongLeague */ = {
			isa = PBXNativeTarget;
			buildConfigurationList = 0497CCB1289DE5E800DA7E2F /* Build configuration list for PBXNativeTarget "MahjongLeague" */;
			buildPhases = (
				0497CC9A289DE5E700DA7E2F /* Sources */,
				0497CC9B289DE5E700DA7E2F /* Frameworks */,
				0497CC9C289DE5E700DA7E2F /* Resources */,
			);
			buildRules = (
			);
			dependencies = (
			);
			name = MahjongLeague;
			packageProductDependencies = (
				0497CCC6289F4E5200DA7E2F /* FirebaseAuth */,
				0497CCC8289F4E5200DA7E2F /* FirebaseFirestoreSwift */,
			);
			productName = MahjongLeague;
			productReference = 0497CC9E289DE5E700DA7E2F /* MahjongLeague.app */;
			productType = "com.apple.product-type.application";
		};
/* End PBXNativeTarget section */

/* Begin PBXProject section */
		0497CC96289DE5E700DA7E2F /* Project object */ = {
			isa = PBXProject;
			attributes = {
				BuildIndependentTargetsInParallel = 1;
				LastSwiftUpdateCheck = 1340;
				LastUpgradeCheck = 1340;
				TargetAttributes = {
					0497CC9D289DE5E700DA7E2F = {
						CreatedOnToolsVersion = 13.4.1;
					};
				};
			};
			buildConfigurationList = 0497CC99289DE5E700DA7E2F /* Build configuration list for PBXProject "MahjongLeague" */;
			compatibilityVersion = "Xcode 13.0";
			developmentRegion = en;
			hasScannedForEncodings = 0;
			knownRegions = (
				en,
				Base,
			);
			mainGroup = 0497CC95289DE5E700DA7E2F;
			packageReferences = (
				0497CCC5289F4E5200DA7E2F /* XCRemoteSwiftPackageReference "firebase-ios-sdk" */,
			);
			productRefGroup = 0497CC9F289DE5E700DA7E2F /* Products */;
			projectDirPath = "";
			projectRoot = "";
			targets = (
				0497CC9D289DE5E700DA7E2F /* MahjongLeague */,
			);
		};
/* End PBXProject section */

/* Begin PBXResourcesBuildPhase section */
		0497CC9C289DE5E700DA7E2F /* Resources */ = {
			isa = PBXResourcesBuildPhase;
			buildActionMask = 2147483647;
			files = (
				0497CCA9289DE5E800DA7E2F /* Preview Assets.xcassets in Resources */,
				0497CCA6289DE5E800DA7E2F /* Assets.xcassets in Resources */,
				0497CCC4289F4DED00DA7E2F /* GoogleService-Info.plist in Resources */,
			);
			runOnlyForDeploymentPostprocessing = 0;
		};
/* End PBXResourcesBuildPhase section */

/* Begin PBXSourcesBuildPhase section */
		0497CC9A289DE5E700DA7E2F /* Sources */ = {
			isa = PBXSourcesBuildPhase;
			buildActionMask = 2147483647;
			files = (
				0497CCCD289F565000DA7E2F /* League.swift in Sources */,
				0497CCCB289F55FB00DA7E2F /* GameRepository.swift in Sources */,
				0497CCD1289F586100DA7E2F /* GamePlayer.swift in Sources */,
				0497CCBE289DE82500DA7E2F /* Game.swift in Sources */,
				0497CCCF289F571700DA7E2F /* Score.swift in Sources */,
				0497CCAB289DE5E800DA7E2F /* Persistence.swift in Sources */,
				0497CCC2289DE87A00DA7E2F /* Player.swift in Sources */,
				0497CCAE289DE5E800DA7E2F /* MahjongLeague.xcdatamodeld in Sources */,
				0497CCA4289DE5E700DA7E2F /* ContentView.swift in Sources */,
				0497CCA2289DE5E700DA7E2F /* MahjongLeagueApp.swift in Sources */,
			);
			runOnlyForDeploymentPostprocessing = 0;
		};
/* End PBXSourcesBuildPhase section */

/* Begin XCBuildConfiguration section */
		0497CCAF289DE5E800DA7E2F /* Debug */ = {
			isa = XCBuildConfiguration;
			buildSettings = {
				ALWAYS_SEARCH_USER_PATHS = NO;
				CLANG_ANALYZER_NONNULL = YES;
				CLANG_ANALYZER_NUMBER_OBJECT_CONVERSION = YES_AGGRESSIVE;
				CLANG_CXX_LANGUAGE_STANDARD = "gnu++17";
				CLANG_ENABLE_MODULES = YES;
				CLANG_ENABLE_OBJC_ARC = YES;
				CLANG_ENABLE_OBJC_WEAK = YES;
				CLANG_WARN_BLOCK_CAPTURE_AUTORELEASING = YES;
				CLANG_WARN_BOOL_CONVERSION = YES;
				CLANG_WARN_COMMA = YES;
				CLANG_WARN_CONSTANT_CONVERSION = YES;
				CLANG_WARN_DEPRECATED_OBJC_IMPLEMENTATIONS = YES;
				CLANG_WARN_DIRECT_OBJC_ISA_USAGE = YES_ERROR;
				CLANG_WARN_DOCUMENTATION_COMMENTS = YES;
				CLANG_WARN_EMPTY_BODY = YES;
				CLANG_WARN_ENUM_CONVERSION = YES;
				CLANG_WARN_INFINITE_RECURSION = YES;
				CLANG_WARN_INT_CONVERSION = YES;
				CLANG_WARN_NON_LITERAL_NULL_CONVERSION = YES;
				CLANG_WARN_OBJC_IMPLICIT_RETAIN_SELF = YES;
				CLANG_WARN_OBJC_LITERAL_CONVERSION = YES;
				CLANG_WARN_OBJC_ROOT_CLASS = YES_ERROR;
				CLANG_WARN_QUOTED_INCLUDE_IN_FRAMEWORK_HEADER = YES;
				CLANG_WARN_RANGE_LOOP_ANALYSIS = YES;
				CLANG_WARN_STRICT_PROTOTYPES = YES;
				CLANG_WARN_SUSPICIOUS_MOVE = YES;
				CLANG_WARN_UNGUARDED_AVAILABILITY = YES_AGGRESSIVE;
				CLANG_WARN_UNREACHABLE_CODE = YES;
				CLANG_WARN__DUPLICATE_METHOD_MATCH = YES;
				COPY_PHASE_STRIP = NO;
				DEBUG_INFORMATION_FORMAT = dwarf;
				ENABLE_STRICT_OBJC_MSGSEND = YES;
				ENABLE_TESTABILITY = YES;
				GCC_C_LANGUAGE_STANDARD = gnu11;
				GCC_DYNAMIC_NO_PIC = NO;
				GCC_NO_COMMON_BLOCKS = YES;
				GCC_OPTIMIZATION_LEVEL = 0;
				GCC_PREPROCESSOR_DEFINITIONS = (
					"DEBUG=1",
					"$(inherited)",
				);
				GCC_WARN_64_TO_32_BIT_CONVERSION = YES;
				GCC_WARN_ABOUT_RETURN_TYPE = YES_ERROR;
				GCC_WARN_UNDECLARED_SELECTOR = YES;
				GCC_WARN_UNINITIALIZED_AUTOS = YES_AGGRESSIVE;
				GCC_WARN_UNUSED_FUNCTION = YES;
				GCC_WARN_UNUSED_VARIABLE = YES;
				IPHONEOS_DEPLOYMENT_TARGET = 15.5;
				MTL_ENABLE_DEBUG_INFO = INCLUDE_SOURCE;
				MTL_FAST_MATH = YES;
				ONLY_ACTIVE_ARCH = YES;
				SDKROOT = iphoneos;
				SWIFT_ACTIVE_COMPILATION_CONDITIONS = DEBUG;
				SWIFT_OPTIMIZATION_LEVEL = "-Onone";
			};
			name = Debug;
		};
		0497CCB0289DE5E800DA7E2F /* Release */ = {
			isa = XCBuildConfiguration;
			buildSettings = {
				ALWAYS_SEARCH_USER_PATHS = NO;
				CLANG_ANALYZER_NONNULL = YES;
				CLANG_ANALYZER_NUMBER_OBJECT_CONVERSION = YES_AGGRESSIVE;
				CLANG_CXX_LANGUAGE_STANDARD = "gnu++17";
				CLANG_ENABLE_MODULES = YES;
				CLANG_ENABLE_OBJC_ARC = YES;
				CLANG_ENABLE_OBJC_WEAK = YES;
				CLANG_WARN_BLOCK_CAPTURE_AUTORELEASING = YES;
				CLANG_WARN_BOOL_CONVERSION = YES;
				CLANG_WARN_COMMA = YES;
				CLANG_WARN_CONSTANT_CONVERSION = YES;
				CLANG_WARN_DEPRECATED_OBJC_IMPLEMENTATIONS = YES;
				CLANG_WARN_DIRECT_OBJC_ISA_USAGE = YES_ERROR;
				CLANG_WARN_DOCUMENTATION_COMMENTS = YES;
				CLANG_WARN_EMPTY_BODY = YES;
				CLANG_WARN_ENUM_CONVERSION = YES;
				CLANG_WARN_INFINITE_RECURSION = YES;
				CLANG_WARN_INT_CONVERSION = YES;
				CLANG_WARN_NON_LITERAL_NULL_CONVERSION = YES;
				CLANG_WARN_OBJC_IMPLICIT_RETAIN_SELF = YES;
				CLANG_WARN_OBJC_LITERAL_CONVERSION = YES;
				CLANG_WARN_OBJC_ROOT_CLASS = YES_ERROR;
				CLANG_WARN_QUOTED_INCLUDE_IN_FRAMEWORK_HEADER = YES;
				CLANG_WARN_RANGE_LOOP_ANALYSIS = YES;
				CLANG_WARN_STRICT_PROTOTYPES = YES;
				CLANG_WARN_SUSPICIOUS_MOVE = YES;
				CLANG_WARN_UNGUARDED_AVAILABILITY = YES_AGGRESSIVE;
				CLANG_WARN_UNREACHABLE_CODE = YES;
				CLANG_WARN__DUPLICATE_METHOD_MATCH = YES;
				COPY_PHASE_STRIP = NO;
				DEBUG_INFORMATION_FORMAT = "dwarf-with-dsym";
				ENABLE_NS_ASSERTIONS = NO;
				ENABLE_STRICT_OBJC_MSGSEND = YES;
				GCC_C_LANGUAGE_STANDARD = gnu11;
				GCC_NO_COMMON_BLOCKS = YES;
				GCC_WARN_64_TO_32_BIT_CONVERSION = YES;
				GCC_WARN_ABOUT_RETURN_TYPE = YES_ERROR;
				GCC_WARN_UNDECLARED_SELECTOR = YES;
				GCC_WARN_UNINITIALIZED_AUTOS = YES_AGGRESSIVE;
				GCC_WARN_UNUSED_FUNCTION = YES;
				GCC_WARN_UNUSED_VARIABLE = YES;
				IPHONEOS_DEPLOYMENT_TARGET = 15.5;
				MTL_ENABLE_DEBUG_INFO = NO;
				MTL_FAST_MATH = YES;
				SDKROOT = iphoneos;
				SWIFT_COMPILATION_MODE = wholemodule;
				SWIFT_OPTIMIZATION_LEVEL = "-O";
				VALIDATE_PRODUCT = YES;
			};
			name = Release;
		};
		0497CCB2289DE5E800DA7E2F /* Debug */ = {
			isa = XCBuildConfiguration;
			buildSettings = {
				ASSETCATALOG_COMPILER_APPICON_NAME = AppIcon;
				ASSETCATALOG_COMPILER_GLOBAL_ACCENT_COLOR_NAME = AccentColor;
				CODE_SIGN_STYLE = Automatic;
				CURRENT_PROJECT_VERSION = 1;
				DEVELOPMENT_ASSET_PATHS = "\"MahjongLeague/Preview Content\"";
				DEVELOPMENT_TEAM = 479D88RPDD;
				ENABLE_PREVIEWS = YES;
				GENERATE_INFOPLIST_FILE = YES;
				INFOPLIST_KEY_UIApplicationSceneManifest_Generation = YES;
				INFOPLIST_KEY_UIApplicationSupportsIndirectInputEvents = YES;
				INFOPLIST_KEY_UILaunchScreen_Generation = YES;
				INFOPLIST_KEY_UISupportedInterfaceOrientations_iPad = "UIInterfaceOrientationPortrait UIInterfaceOrientationPortraitUpsideDown UIInterfaceOrientationLandscapeLeft UIInterfaceOrientationLandscapeRight";
				INFOPLIST_KEY_UISupportedInterfaceOrientations_iPhone = "UIInterfaceOrientationPortrait UIInterfaceOrientationLandscapeLeft UIInterfaceOrientationLandscapeRight";
				LD_RUNPATH_SEARCH_PATHS = (
					"$(inherited)",
					"@executable_path/Frameworks",
				);
				MARKETING_VERSION = 1.0;
				PRODUCT_BUNDLE_IDENTIFIER = com.yoshinobu.murao.MahjongLeague;
				PRODUCT_NAME = "$(TARGET_NAME)";
				SWIFT_EMIT_LOC_STRINGS = YES;
				SWIFT_VERSION = 5.0;
				TARGETED_DEVICE_FAMILY = "1,2";
			};
			name = Debug;
		};
		0497CCB3289DE5E800DA7E2F /* Release */ = {
			isa = XCBuildConfiguration;
			buildSettings = {
				ASSETCATALOG_COMPILER_APPICON_NAME = AppIcon;
				ASSETCATALOG_COMPILER_GLOBAL_ACCENT_COLOR_NAME = AccentColor;
				CODE_SIGN_STYLE = Automatic;
				CURRENT_PROJECT_VERSION = 1;
				DEVELOPMENT_ASSET_PATHS = "\"MahjongLeague/Preview Content\"";
				DEVELOPMENT_TEAM = 479D88RPDD;
				ENABLE_PREVIEWS = YES;
				GENERATE_INFOPLIST_FILE = YES;
				INFOPLIST_KEY_UIApplicationSceneManifest_Generation = YES;
				INFOPLIST_KEY_UIApplicationSupportsIndirectInputEvents = YES;
				INFOPLIST_KEY_UILaunchScreen_Generation = YES;
				INFOPLIST_KEY_UISupportedInterfaceOrientations_iPad = "UIInterfaceOrientationPortrait UIInterfaceOrientationPortraitUpsideDown UIInterfaceOrientationLandscapeLeft UIInterfaceOrientationLandscapeRight";
				INFOPLIST_KEY_UISupportedInterfaceOrientations_iPhone = "UIInterfaceOrientationPortrait UIInterfaceOrientationLandscapeLeft UIInterfaceOrientationLandscapeRight";
				LD_RUNPATH_SEARCH_PATHS = (
					"$(inherited)",
					"@executable_path/Frameworks",
				);
				MARKETING_VERSION = 1.0;
				PRODUCT_BUNDLE_IDENTIFIER = com.yoshinobu.murao.MahjongLeague;
				PRODUCT_NAME = "$(TARGET_NAME)";
				SWIFT_EMIT_LOC_STRINGS = YES;
				SWIFT_VERSION = 5.0;
				TARGETED_DEVICE_FAMILY = "1,2";
			};
			name = Release;
		};
/* End XCBuildConfiguration section */

/* Begin XCConfigurationList section */
		0497CC99289DE5E700DA7E2F /* Build configuration list for PBXProject "MahjongLeague" */ = {
			isa = XCConfigurationList;
			buildConfigurations = (
				0497CCAF289DE5E800DA7E2F /* Debug */,
				0497CCB0289DE5E800DA7E2F /* Release */,
			);
			defaultConfigurationIsVisible = 0;
			defaultConfigurationName = Release;
		};
		0497CCB1289DE5E800DA7E2F /* Build configuration list for PBXNativeTarget "MahjongLeague" */ = {
			isa = XCConfigurationList;
			buildConfigurations = (
				0497CCB2289DE5E800DA7E2F /* Debug */,
				0497CCB3289DE5E800DA7E2F /* Release */,
			);
			defaultConfigurationIsVisible = 0;
			defaultConfigurationName = Release;
		};
/* End XCConfigurationList section */

/* Begin XCRemoteSwiftPackageReference section */
		0497CCC5289F4E5200DA7E2F /* XCRemoteSwiftPackageReference "firebase-ios-sdk" */ = {
			isa = XCRemoteSwiftPackageReference;
			repositoryURL = "https://github.com/firebase/firebase-ios-sdk";
			requirement = {
				branch = master;
				kind = branch;
			};
		};
/* End XCRemoteSwiftPackageReference section */

/* Begin XCSwiftPackageProductDependency section */
		0497CCC6289F4E5200DA7E2F /* FirebaseAuth */ = {
			isa = XCSwiftPackageProductDependency;
			package = 0497CCC5289F4E5200DA7E2F /* XCRemoteSwiftPackageReference "firebase-ios-sdk" */;
			productName = FirebaseAuth;
		};
		0497CCC8289F4E5200DA7E2F /* FirebaseFirestoreSwift */ = {
			isa = XCSwiftPackageProductDependency;
			package = 0497CCC5289F4E5200DA7E2F /* XCRemoteSwiftPackageReference "firebase-ios-sdk" */;
			productName = FirebaseFirestoreSwift;
		};
/* End XCSwiftPackageProductDependency section */

/* Begin XCVersionGroup section */
		0497CCAC289DE5E800DA7E2F /* MahjongLeague.xcdatamodeld */ = {
			isa = XCVersionGroup;
			children = (
				0497CCAD289DE5E800DA7E2F /* MahjongLeague.xcdatamodel */,
			);
			currentVersion = 0497CCAD289DE5E800DA7E2F /* MahjongLeague.xcdatamodel */;
			path = MahjongLeague.xcdatamodeld;
			sourceTree = "<group>";
			versionGroupType = wrapper.xcdatamodel;
		};
/* End XCVersionGroup section */
	};
	rootObject = 0497CC96289DE5E700DA7E2F /* Project object */;
}
